
Microsoft Visual Studio Solution File, Format Version 12.00
# Visual Studio Version 17
VisualStudioVersion = 17.9.34728.123
MinimumVisualStudioVersion = 10.0.40219.1
Project("{FAE04EC0-301F-11D3-BF4B-00C04F79EFBC}") = "examples", "examples.csproj", "{0D984EDD-DEAB-4074-8AF9-8A530887807F}"
EndProject
Global
	GlobalSection(SolutionConfigurationPlatforms) = preSolution
		Debug|Any CPU = Debug|Any CPU
		Release|Any CPU = Release|Any CPU
	EndGlobalSection
	GlobalSection(ProjectConfigurationPlatforms) = postSolution
		{0D984EDD-DEAB-4074-8AF9-8A530887807F}.Debug|Any CPU.ActiveCfg = Debug|Any CPU
		{0D984EDD-DEAB-4074-8AF9-8A530887807F}.Debug|Any CPU.Build.0 = Debug|Any CPU
		{0D984EDD-DEAB-4074-8AF9-8A530887807F}.Release|Any CPU.ActiveCfg = Release|Any CPU
		{0D984EDD-DEAB-4074-8AF9-8A530887807F}.Release|Any CPU.Build.0 = Release|Any CPU
	EndGlobalSection
	GlobalSection(SolutionProperties) = preSolution
		HideSolutionNode = FALSE
	EndGlobalSection
	GlobalSection(ExtensibilityGlobals) = postSolution
		SolutionGuid = {6C1E5BA2-7E7A-4462-867B-C584AC59C2D7}
	EndGlobalSection
EndGlobal
